
Microsoft Visual Studio Solution File, Format Version 12.00
# Visual Studio 15
VisualStudioVersion = 15.0.27703.2035
MinimumVisualStudioVersion = 10.0.40219.1
Project("{FAE04EC0-301F-11D3-BF4B-00C04F79EFBC}") = "CommandLine", "CommandLine\CommandLine.csproj", "{6955EAF4-347A-4924-A5F9-700D0EDBCEA7}"
EndProject
Project("{FAE04EC0-301F-11D3-BF4B-00C04F79EFBC}") = "JsonConfig", "JsonConfig\JsonConfig.csproj", "{C7F81471-8C10-43D3-8DD6-DF72A343991B}"
EndProject
Project("{FAE04EC0-301F-11D3-BF4B-00C04F79EFBC}") = "OptionsBind", "OptionsBind\OptionsBind.csproj", "{8C627A98-6736-4E79-9170-723634D2014F}"
EndProject
Global
	GlobalSection(SolutionConfigurationPlatforms) = preSolution
		Debug|Any CPU = Debug|Any CPU
		Release|Any CPU = Release|Any CPU
	EndGlobalSection
	GlobalSection(ProjectConfigurationPlatforms) = postSolution
		{6955EAF4-347A-4924-A5F9-700D0EDBCEA7}.Debug|Any CPU.ActiveCfg = Debug|Any CPU
		{6955EAF4-347A-4924-A5F9-700D0EDBCEA7}.Debug|Any CPU.Build.0 = Debug|Any CPU
		{6955EAF4-347A-4924-A5F9-700D0EDBCEA7}.Release|Any CPU.ActiveCfg = Release|Any CPU
		{6955EAF4-347A-4924-A5F9-700D0EDBCEA7}.Release|Any CPU.Build.0 = Release|Any CPU
		{C7F81471-8C10-43D3-8DD6-DF72A343991B}.Debug|Any CPU.ActiveCfg = Debug|Any CPU
		{C7F81471-8C10-43D3-8DD6-DF72A343991B}.Debug|Any CPU.Build.0 = Debug|Any CPU
		{C7F81471-8C10-43D3-8DD6-DF72A343991B}.Release|Any CPU.ActiveCfg = Release|Any CPU
		{C7F81471-8C10-43D3-8DD6-DF72A343991B}.Release|Any CPU.Build.0 = Release|Any CPU
		{8C627A98-6736-4E79-9170-723634D2014F}.Debug|Any CPU.ActiveCfg = Debug|Any CPU
		{8C627A98-6736-4E79-9170-723634D2014F}.Debug|Any CPU.Build.0 = Debug|Any CPU
		{8C627A98-6736-4E79-9170-723634D2014F}.Release|Any CPU.ActiveCfg = Release|Any CPU
		{8C627A98-6736-4E79-9170-723634D2014F}.Release|Any CPU.Build.0 = Release|Any CPU
	EndGlobalSection
	GlobalSection(SolutionProperties) = preSolution
		HideSolutionNode = FALSE
	EndGlobalSection
	GlobalSection(ExtensibilityGlobals) = postSolution
		SolutionGuid = {3289BCCF-7BC7-4436-812E-411DFD35D0AB}
	EndGlobalSection
EndGlobal
